
Microsoft Visual Studio Solution File, Format Version 12.00
# Visual Studio 15
VisualStudioVersion = 15.0.28307.421
MinimumVisualStudioVersion = 10.0.40219.1
Project("{FAE04EC0-301F-11D3-BF4B-00C04F79EFBC}") = "Ruleta", "Ruleta\Ruleta.csproj", "{BAF8CB5A-ECFD-48DB-8269-4D9455095BCF}"
EndProject
Global
	GlobalSection(SolutionConfigurationPlatforms) = preSolution
		Debug|Any CPU = Debug|Any CPU
		Release|Any CPU = Release|Any CPU
	EndGlobalSection
	GlobalSection(ProjectConfigurationPlatforms) = postSolution
		{BAF8CB5A-ECFD-48DB-8269-4D9455095BCF}.Debug|Any CPU.ActiveCfg = Debug|Any CPU
		{BAF8CB5A-ECFD-48DB-8269-4D9455095BCF}.Debug|Any CPU.Build.0 = Debug|Any CPU
		{BAF8CB5A-ECFD-48DB-8269-4D9455095BCF}.Release|Any CPU.ActiveCfg = Release|Any CPU
		{BAF8CB5A-ECFD-48DB-8269-4D9455095BCF}.Release|Any CPU.Build.0 = Release|Any CPU
	EndGlobalSection
	GlobalSection(SolutionProperties) = preSolution
		HideSolutionNode = FALSE
	EndGlobalSection
	GlobalSection(ExtensibilityGlobals) = postSolution
		SolutionGuid = {4596DC00-B424-46F3-BD1A-C832CE8F89EB}
	EndGlobalSection
EndGlobal
